// !$*UTF8*$!
{
	archiveVersion = 1;
	classes = {
	};
	objectVersion = 56;
	objects = {

/* Begin PBXBuildFile section */
		3CCADFBC2A35FF2E001191FA /* AppDelegate.swift in Sources */ = {isa = PBXBuildFile; fileRef = 3CCADFBB2A35FF2E001191FA /* AppDelegate.swift */; };
		3CCADFBE2A35FF2E001191FA /* SceneDelegate.swift in Sources */ = {isa = PBXBuildFile; fileRef = 3CCADFBD2A35FF2E001191FA /* SceneDelegate.swift */; };
		3CCADFC02A35FF2E001191FA /* ViewController.swift in Sources */ = {isa = PBXBuildFile; fileRef = 3CCADFBF2A35FF2E001191FA /* ViewController.swift */; };
		3CCADFC32A35FF2E001191FA /* Main.storyboard in Resources */ = {isa = PBXBuildFile; fileRef = 3CCADFC12A35FF2E001191FA /* Main.storyboard */; };
		3CCADFC52A35FF31001191FA /* Assets.xcassets in Resources */ = {isa = PBXBuildFile; fileRef = 3CCADFC42A35FF31001191FA /* Assets.xcassets */; };
		3CCADFC82A35FF31001191FA /* LaunchScreen.storyboard in Resources */ = {isa = PBXBuildFile; fileRef = 3CCADFC62A35FF31001191FA /* LaunchScreen.storyboard */; };
		3CCADFD02A3600EE001191FA /* containerView2.storyboard in Resources */ = {isa = PBXBuildFile; fileRef = 3CCADFCF2A3600EE001191FA /* containerView2.storyboard */; };
		3CCADFD22A3600FE001191FA /* container2ViewController.swift in Sources */ = {isa = PBXBuildFile; fileRef = 3CCADFD12A3600FE001191FA /* container2ViewController.swift */; };
		3CCADFD42A360884001191FA /* container3ViewController.swift in Sources */ = {isa = PBXBuildFile; fileRef = 3CCADFD32A360884001191FA /* container3ViewController.swift */; };
		3CCADFD62A360891001191FA /* containerView3.storyboard in Resources */ = {isa = PBXBuildFile; fileRef = 3CCADFD52A360891001191FA /* containerView3.storyboard */; };
/* End PBXBuildFile section */

/* Begin PBXFileReference section */
		3CCADFB82A35FF2E001191FA /* PracticeContainerView.app */ = {isa = PBXFileReference; explicitFileType = wrapper.application; includeInIndex = 0; path = PracticeContainerView.app; sourceTree = BUILT_PRODUCTS_DIR; };
		3CCADFBB2A35FF2E001191FA /* AppDelegate.swift */ = {isa = PBXFileReference; lastKnownFileType = sourcecode.swift; path = AppDelegate.swift; sourceTree = "<group>"; };
		3CCADFBD2A35FF2E001191FA /* SceneDelegate.swift */ = {isa = PBXFileReference; lastKnownFileType = sourcecode.swift; path = SceneDelegate.swift; sourceTree = "<group>"; };
		3CCADFBF2A35FF2E001191FA /* ViewController.swift */ = {isa = PBXFileReference; lastKnownFileType = sourcecode.swift; path = ViewController.swift; sourceTree = "<group>"; };
		3CCADFC22A35FF2E001191FA /* Base */ = {isa = PBXFileReference; lastKnownFileType = file.storyboard; name = Base; path = Base.lproj/Main.storyboard; sourceTree = "<group>"; };
		3CCADFC42A35FF31001191FA /* Assets.xcassets */ = {isa = PBXFileReference; lastKnownFileType = folder.assetcatalog; path = Assets.xcassets; sourceTree = "<group>"; };
		3CCADFC72A35FF31001191FA /* Base */ = {isa = PBXFileReference; lastKnownFileType = file.storyboard; name = Base; path = Base.lproj/LaunchScreen.storyboard; sourceTree = "<group>"; };
		3CCADFC92A35FF31001191FA /* Info.plist */ = {isa = PBXFileReference; lastKnownFileType = text.plist.xml; path = Info.plist; sourceTree = "<group>"; };
		3CCADFCF2A3600EE001191FA /* containerView2.storyboard */ = {isa = PBXFileReference; lastKnownFileType = file.storyboard; path = containerView2.storyboard; sourceTree = "<group>"; };
		3CCADFD12A3600FE001191FA /* container2ViewController.swift */ = {isa = PBXFileReference; lastKnownFileType = sourcecode.swift; path = container2ViewController.swift; sourceTree = "<group>"; };
		3CCADFD32A360884001191FA /* container3ViewController.swift */ = {isa = PBXFileReference; lastKnownFileType = sourcecode.swift; path = container3ViewController.swift; sourceTree = "<group>"; };
		3CCADFD52A360891001191FA /* containerView3.storyboard */ = {isa = PBXFileReference; lastKnownFileType = file.storyboard; path = containerView3.storyboard; sourceTree = "<group>"; };
/* End PBXFileReference section */

/* Begin PBXFrameworksBuildPhase section */
		3CCADFB52A35FF2E001191FA /* Frameworks */ = {
			isa = PBXFrameworksBuildPhase;
			buildActionMask = 2147483647;
			files = (
			);
			runOnlyForDeploymentPostprocessing = 0;
		};
/* End PBXFrameworksBuildPhase section */

/* Begin PBXGroup section */
		3CCADFAF2A35FF2E001191FA = {
			isa = PBXGroup;
			children = (
				3CCADFBA2A35FF2E001191FA /* PracticeContainerView */,
				3CCADFB92A35FF2E001191FA /* Products */,
			);
			sourceTree = "<group>";
		};
		3CCADFB92A35FF2E001191FA /* Products */ = {
			isa = PBXGroup;
			children = (
				3CCADFB82A35FF2E001191FA /* PracticeContainerView.app */,
			);
			name = Products;
			sourceTree = "<group>";
		};
		3CCADFBA2A35FF2E001191FA /* PracticeContainerView */ = {
			isa = PBXGroup;
			children = (
				3CCADFBB2A35FF2E001191FA /* AppDelegate.swift */,
				3CCADFBD2A35FF2E001191FA /* SceneDelegate.swift */,
				3CCADFBF2A35FF2E001191FA /* ViewController.swift */,
				3CCADFC12A35FF2E001191FA /* Main.storyboard */,
				3CCADFD12A3600FE001191FA /* container2ViewController.swift */,
				3CCADFCF2A3600EE001191FA /* containerView2.storyboard */,
				3CCADFD32A360884001191FA /* container3ViewController.swift */,
				3CCADFD52A360891001191FA /* containerView3.storyboard */,
				3CCADFC42A35FF31001191FA /* Assets.xcassets */,
				3CCADFC62A35FF31001191FA /* LaunchScreen.storyboard */,
				3CCADFC92A35FF31001191FA /* Info.plist */,
			);
			path = PracticeContainerView;
			sourceTree = "<group>";
		};
/* End PBXGroup section */

/* Begin PBXNativeTarget section */
		3CCADFB72A35FF2E001191FA /* PracticeContainerView */ = {
			isa = PBXNativeTarget;
			buildConfigurationList = 3CCADFCC2A35FF31001191FA /* Build configuration list for PBXNativeTarget "PracticeContainerView" */;
			buildPhases = (
				3CCADFB42A35FF2E001191FA /* Sources */,
				3CCADFB52A35FF2E001191FA /* Frameworks */,
				3CCADFB62A35FF2E001191FA /* Resources */,
			);
			buildRules = (
			);
			dependencies = (
			);
			name = PracticeContainerView;
			productName = PracticeContainerView;
			productReference = 3CCADFB82A35FF2E001191FA /* PracticeContainerView.app */;
			productType = "com.apple.product-type.application";
		};
/* End PBXNativeTarget section */

/* Begin PBXProject section */
		3CCADFB02A35FF2E001191FA /* Project object */ = {
			isa = PBXProject;
			attributes = {
				BuildIndependentTargetsInParallel = 1;
				LastSwiftUpdateCheck = 1430;
				LastUpgradeCheck = 1430;
				TargetAttributes = {
					3CCADFB72A35FF2E001191FA = {
						CreatedOnToolsVersion = 14.3;
					};
				};
			};
			buildConfigurationList = 3CCADFB32A35FF2E001191FA /* Build configuration list for PBXProject "PracticeContainerView" */;
			compatibilityVersion = "Xcode 14.0";
			developmentRegion = en;
			hasScannedForEncodings = 0;
			knownRegions = (
				en,
				Base,
			);
			mainGroup = 3CCADFAF2A35FF2E001191FA;
			productRefGroup = 3CCADFB92A35FF2E001191FA /* Products */;
			projectDirPath = "";
			projectRoot = "";
			targets = (
				3CCADFB72A35FF2E001191FA /* PracticeContainerView */,
			);
		};
/* End PBXProject section */

/* Begin PBXResourcesBuildPhase section */
		3CCADFB62A35FF2E001191FA /* Resources */ = {
			isa = PBXResourcesBuildPhase;
			buildActionMask = 2147483647;
			files = (
				3CCADFD02A3600EE001191FA /* containerView2.storyboard in Resources */,
				3CCADFD62A360891001191FA /* containerView3.storyboard in Resources */,
				3CCADFC82A35FF31001191FA /* LaunchScreen.storyboard in Resources */,
				3CCADFC52A35FF31001191FA /* Assets.xcassets in Resources */,
				3CCADFC32A35FF2E001191FA /* Main.storyboard in Resources */,
			);
			runOnlyForDeploymentPostprocessing = 0;
		};
/* End PBXResourcesBuildPhase section */

/* Begin PBXSourcesBuildPhase section */
		3CCADFB42A35FF2E001191FA /* Sources */ = {
			isa = PBXSourcesBuildPhase;
			buildActionMask = 2147483647;
			files = (
				3CCADFC02A35FF2E001191FA /* ViewController.swift in Sources */,
				3CCADFD42A360884001191FA /* container3ViewController.swift in Sources */,
				3CCADFD22A3600FE001191FA /* container2ViewController.swift in Sources */,
				3CCADFBC2A35FF2E001191FA /* AppDelegate.swift in Sources */,
				3CCADFBE2A35FF2E001191FA /* SceneDelegate.swift in Sources */,
			);
			runOnlyForDeploymentPostprocessing = 0;
		};
/* End PBXSourcesBuildPhase section */

/* Begin PBXVariantGroup section */
		3CCADFC12A35FF2E001191FA /* Main.storyboard */ = {
			isa = PBXVariantGroup;
			children = (
				3CCADFC22A35FF2E001191FA /* Base */,
			);
			name = Main.storyboard;
			sourceTree = "<group>";
		};
		3CCADFC62A35FF31001191FA /* LaunchScreen.storyboard */ = {
			isa = PBXVariantGroup;
			children = (
				3CCADFC72A35FF31001191FA /* Base */,
			);
			name = LaunchScreen.storyboard;
			sourceTree = "<group>";
		};
/* End PBXVariantGroup section */

/* Begin XCBuildConfiguration section */
		3CCADFCA2A35FF31001191FA /* Debug */ = {
			isa = XCBuildConfiguration;
			buildSettings = {
				ALWAYS_SEARCH_USER_PATHS = NO;
				CLANG_ANALYZER_NONNULL = YES;
				CLANG_ANALYZER_NUMBER_OBJECT_CONVERSION = YES_AGGRESSIVE;
				CLANG_CXX_LANGUAGE_STANDARD = "gnu++20";
				CLANG_ENABLE_MODULES = YES;
				CLANG_ENABLE_OBJC_ARC = YES;
				CLANG_ENABLE_OBJC_WEAK = YES;
				CLANG_WARN_BLOCK_CAPTURE_AUTORELEASING = YES;
				CLANG_WARN_BOOL_CONVERSION = YES;
				CLANG_WARN_COMMA = YES;
				CLANG_WARN_CONSTANT_CONVERSION = YES;
				CLANG_WARN_DEPRECATED_OBJC_IMPLEMENTATIONS = YES;
				CLANG_WARN_DIRECT_OBJC_ISA_USAGE = YES_ERROR;
				CLANG_WARN_DOCUMENTATION_COMMENTS = YES;
				CLANG_WARN_EMPTY_BODY = YES;
				CLANG_WARN_ENUM_CONVERSION = YES;
				CLANG_WARN_INFINITE_RECURSION = YES;
				CLANG_WARN_INT_CONVERSION = YES;
				CLANG_WARN_NON_LITERAL_NULL_CONVERSION = YES;
				CLANG_WARN_OBJC_IMPLICIT_RETAIN_SELF = YES;
				CLANG_WARN_OBJC_LITERAL_CONVERSION = YES;
				CLANG_WARN_OBJC_ROOT_CLASS = YES_ERROR;
				CLANG_WARN_QUOTED_INCLUDE_IN_FRAMEWORK_HEADER = YES;
				CLANG_WARN_RANGE_LOOP_ANALYSIS = YES;
				CLANG_WARN_STRICT_PROTOTYPES = YES;
				CLANG_WARN_SUSPICIOUS_MOVE = YES;
				CLANG_WARN_UNGUARDED_AVAILABILITY = YES_AGGRESSIVE;
				CLANG_WARN_UNREACHABLE_CODE = YES;
				CLANG_WARN__DUPLICATE_METHOD_MATCH = YES;
				COPY_PHASE_STRIP = NO;
				DEBUG_INFORMATION_FORMAT = dwarf;
				ENABLE_STRICT_OBJC_MSGSEND = YES;
				ENABLE_TESTABILITY = YES;
				GCC_C_LANGUAGE_STANDARD = gnu11;
				GCC_DYNAMIC_NO_PIC = NO;
				GCC_NO_COMMON_BLOCKS = YES;
				GCC_OPTIMIZATION_LEVEL = 0;
				GCC_PREPROCESSOR_DEFINITIONS = (
					"DEBUG=1",
					"$(inherited)",
				);
				GCC_WARN_64_TO_32_BIT_CONVERSION = YES;
				GCC_WARN_ABOUT_RETURN_TYPE = YES_ERROR;
				GCC_WARN_UNDECLARED_SELECTOR = YES;
				GCC_WARN_UNINITIALIZED_AUTOS = YES_AGGRESSIVE;
				GCC_WARN_UNUSED_FUNCTION = YES;
				GCC_WARN_UNUSED_VARIABLE = YES;
				IPHONEOS_DEPLOYMENT_TARGET = 16.4;
				MTL_ENABLE_DEBUG_INFO = INCLUDE_SOURCE;
				MTL_FAST_MATH = YES;
				ONLY_ACTIVE_ARCH = YES;
				SDKROOT = iphoneos;
				SWIFT_ACTIVE_COMPILATION_CONDITIONS = DEBUG;
				SWIFT_OPTIMIZATION_LEVEL = "-Onone";
			};
			name = Debug;
		};
		3CCADFCB2A35FF31001191FA /* Release */ = {
			isa = XCBuildConfiguration;
			buildSettings = {
				ALWAYS_SEARCH_USER_PATHS = NO;
				CLANG_ANALYZER_NONNULL = YES;
				CLANG_ANALYZER_NUMBER_OBJECT_CONVERSION = YES_AGGRESSIVE;
				CLANG_CXX_LANGUAGE_STANDARD = "gnu++20";
				CLANG_ENABLE_MODULES = YES;
				CLANG_ENABLE_OBJC_ARC = YES;
				CLANG_ENABLE_OBJC_WEAK = YES;
				CLANG_WARN_BLOCK_CAPTURE_AUTORELEASING = YES;
				CLANG_WARN_BOOL_CONVERSION = YES;
				CLANG_WARN_COMMA = YES;
				CLANG_WARN_CONSTANT_CONVERSION = YES;
				CLANG_WARN_DEPRECATED_OBJC_IMPLEMENTATIONS = YES;
				CLANG_WARN_DIRECT_OBJC_ISA_USAGE = YES_ERROR;
				CLANG_WARN_DOCUMENTATION_COMMENTS = YES;
				CLANG_WARN_EMPTY_BODY = YES;
				CLANG_WARN_ENUM_CONVERSION = YES;
				CLANG_WARN_INFINITE_RECURSION = YES;
				CLANG_WARN_INT_CONVERSION = YES;
				CLANG_WARN_NON_LITERAL_NULL_CONVERSION = YES;
				CLANG_WARN_OBJC_IMPLICIT_RETAIN_SELF = YES;
				CLANG_WARN_OBJC_LITERAL_CONVERSION = YES;
				CLANG_WARN_OBJC_ROOT_CLASS = YES_ERROR;
				CLANG_WARN_QUOTED_INCLUDE_IN_FRAMEWORK_HEADER = YES;
				CLANG_WARN_RANGE_LOOP_ANALYSIS = YES;
				CLANG_WARN_STRICT_PROTOTYPES = YES;
				CLANG_WARN_SUSPICIOUS_MOVE = YES;
				CLANG_WARN_UNGUARDED_AVAILABILITY = YES_AGGRESSIVE;
				CLANG_WARN_UNREACHABLE_CODE = YES;
				CLANG_WARN__DUPLICATE_METHOD_MATCH = YES;
				COPY_PHASE_STRIP = NO;
				DEBUG_INFORMATION_FORMAT = "dwarf-with-dsym";
				ENABLE_NS_ASSERTIONS = NO;
				ENABLE_STRICT_OBJC_MSGSEND = YES;
				GCC_C_LANGUAGE_STANDARD = gnu11;
				GCC_NO_COMMON_BLOCKS = YES;
				GCC_WARN_64_TO_32_BIT_CONVERSION = YES;
				GCC_WARN_ABOUT_RETURN_TYPE = YES_ERROR;
				GCC_WARN_UNDECLARED_SELECTOR = YES;
				GCC_WARN_UNINITIALIZED_AUTOS = YES_AGGRESSIVE;
				GCC_WARN_UNUSED_FUNCTION = YES;
				GCC_WARN_UNUSED_VARIABLE = YES;
				IPHONEOS_DEPLOYMENT_TARGET = 16.4;
				MTL_ENABLE_DEBUG_INFO = NO;
				MTL_FAST_MATH = YES;
				SDKROOT = iphoneos;
				SWIFT_COMPILATION_MODE = wholemodule;
				SWIFT_OPTIMIZATION_LEVEL = "-O";
				VALIDATE_PRODUCT = YES;
			};
			name = Release;
		};
		3CCADFCD2A35FF31001191FA /* Debug */ = {
			isa = XCBuildConfiguration;
			buildSettings = {
				ASSETCATALOG_COMPILER_APPICON_NAME = AppIcon;
				ASSETCATALOG_COMPILER_GLOBAL_ACCENT_COLOR_NAME = AccentColor;
				CODE_SIGN_STYLE = Automatic;
				CURRENT_PROJECT_VERSION = 1;
				DEVELOPMENT_TEAM = 37T84K32SG;
				GENERATE_INFOPLIST_FILE = YES;
				INFOPLIST_FILE = PracticeContainerView/Info.plist;
				INFOPLIST_KEY_UIApplicationSupportsIndirectInputEvents = YES;
				INFOPLIST_KEY_UILaunchStoryboardName = LaunchScreen;
				INFOPLIST_KEY_UIMainStoryboardFile = Main;
				INFOPLIST_KEY_UISupportedInterfaceOrientations_iPad = "UIInterfaceOrientationPortrait UIInterfaceOrientationPortraitUpsideDown UIInterfaceOrientationLandscapeLeft UIInterfaceOrientationLandscapeRight";
				INFOPLIST_KEY_UISupportedInterfaceOrientations_iPhone = "UIInterfaceOrientationPortrait UIInterfaceOrientationLandscapeLeft UIInterfaceOrientationLandscapeRight";
				LD_RUNPATH_SEARCH_PATHS = (
					"$(inherited)",
					"@executable_path/Frameworks",
				);
				MARKETING_VERSION = 1.0;
				PRODUCT_BUNDLE_IDENTIFIER = com.rariatto.PracticeContainerView;
				PRODUCT_NAME = "$(TARGET_NAME)";
				SWIFT_EMIT_LOC_STRINGS = YES;
				SWIFT_VERSION = 5.0;
				TARGETED_DEVICE_FAMILY = "1,2";
			};
			name = Debug;
		};
		3CCADFCE2A35FF31001191FA /* Release */ = {
			isa = XCBuildConfiguration;
			buildSettings = {
				ASSETCATALOG_COMPILER_APPICON_NAME = AppIcon;
				ASSETCATALOG_COMPILER_GLOBAL_ACCENT_COLOR_NAME = AccentColor;
				CODE_SIGN_STYLE = Automatic;
				CURRENT_PROJECT_VERSION = 1;
				DEVELOPMENT_TEAM = 37T84K32SG;
				GENERATE_INFOPLIST_FILE = YES;
				INFOPLIST_FILE = PracticeContainerView/Info.plist;
				INFOPLIST_KEY_UIApplicationSupportsIndirectInputEvents = YES;
				INFOPLIST_KEY_UILaunchStoryboardName = LaunchScreen;
				INFOPLIST_KEY_UIMainStoryboardFile = Main;
				INFOPLIST_KEY_UISupportedInterfaceOrientations_iPad = "UIInterfaceOrientationPortrait UIInterfaceOrientationPortraitUpsideDown UIInterfaceOrientationLandscapeLeft UIInterfaceOrientationLandscapeRight";
				INFOPLIST_KEY_UISupportedInterfaceOrientations_iPhone = "UIInterfaceOrientationPortrait UIInterfaceOrientationLandscapeLeft UIInterfaceOrientationLandscapeRight";
				LD_RUNPATH_SEARCH_PATHS = (
					"$(inherited)",
					"@executable_path/Frameworks",
				);
				MARKETING_VERSION = 1.0;
				PRODUCT_BUNDLE_IDENTIFIER = com.rariatto.PracticeContainerView;
				PRODUCT_NAME = "$(TARGET_NAME)";
				SWIFT_EMIT_LOC_STRINGS = YES;
				SWIFT_VERSION = 5.0;
				TARGETED_DEVICE_FAMILY = "1,2";
			};
			name = Release;
		};
/* End XCBuildConfiguration section */

/* Begin XCConfigurationList section */
		3CCADFB32A35FF2E001191FA /* Build configuration list for PBXProject "PracticeContainerView" */ = {
			isa = XCConfigurationList;
			buildConfigurations = (
				3CCADFCA2A35FF31001191FA /* Debug */,
				3CCADFCB2A35FF31001191FA /* Release */,
			);
			defaultConfigurationIsVisible = 0;
			defaultConfigurationName = Release;
		};
		3CCADFCC2A35FF31001191FA /* Build configuration list for PBXNativeTarget "PracticeContainerView" */ = {
			isa = XCConfigurationList;
			buildConfigurations = (
				3CCADFCD2A35FF31001191FA /* Debug */,
				3CCADFCE2A35FF31001191FA /* Release */,
			);
			defaultConfigurationIsVisible = 0;
			defaultConfigurationName = Release;
		};
/* End XCConfigurationList section */
	};
	rootObject = 3CCADFB02A35FF2E001191FA /* Project object */;
}
